{
  "name": "today_I_learnt",
  "version": "1.0.0",
  "lockfileVersion": 2,
  "requires": true,
  "packages": {
    "": {
      "version": "1.0.0",
      "license": "ISC",
      "devDependencies": {
        "markdown-to-txt": "^2.0.1"
      }
    },
    "node_modules/lodash.escape": {
      "version": "4.0.1",
      "resolved": "https://registry.npmjs.org/lodash.escape/-/lodash.escape-4.0.1.tgz",
      "integrity": "sha512-nXEOnb/jK9g0DYMr1/Xvq6l5xMD7GDG55+GSYIYmS0G4tBk/hURD4JR9WCavs04t33WmJx9kCyp9vJ+mr4BOUw==",
      "dev": true
    },
    "node_modules/lodash.unescape": {
      "version": "4.0.1",
      "resolved": "https://registry.npmjs.org/lodash.unescape/-/lodash.unescape-4.0.1.tgz",
      "integrity": "sha512-DhhGRshNS1aX6s5YdBE3njCCouPgnG29ebyHvImlZzXZf2SHgt+J08DHgytTPnpywNbO1Y8mNUFyQuIDBq2JZg==",
      "dev": true
    },
    "node_modules/markdown-to-txt": {
      "version": "2.0.1",
      "resolved": "https://registry.npmjs.org/markdown-to-txt/-/markdown-to-txt-2.0.1.tgz",
      "integrity": "sha512-Hsj7KTN8k1gutlLum3vosHwVZGnv8/cbYKWVkUyo/D1rzOYddbDesILebRfOsaVfjIBJank/AVOySBlHAYqfZw==",
      "dev": true,
      "dependencies": {
        "lodash.escape": "^4.0.1",
        "lodash.unescape": "^4.0.1",
        "marked": "^4.0.14"
      }
    },
    "node_modules/marked": {
      "version": "4.3.0",
      "resolved": "https://registry.npmjs.org/marked/-/marked-4.3.0.tgz",
      "integrity": "sha512-PRsaiG84bK+AMvxziE/lCFss8juXjNaWzVbN5tXAm4XjeaS9NAHhop+PjQxz2A9h8Q4M/xGmzP8vqNwy6JeK0A==",
      "dev": true,
      "bin": {
        "marked": "bin/marked.js"
      },
      "engines": {
        "node": ">= 12"
      }
    }
  },
  "dependencies": {
    "lodash.escape": {
      "version": "4.0.1",
      "resolved": "https://registry.npmjs.org/lodash.escape/-/lodash.escape-4.0.1.tgz",
      "integrity": "sha512-nXEOnb/jK9g0DYMr1/Xvq6l5xMD7GDG55+GSYIYmS0G4tBk/hURD4JR9WCavs04t33WmJx9kCyp9vJ+mr4BOUw==",
      "dev": true
    },
    "lodash.unescape": {
      "version": "4.0.1",
      "resolved": "https://registry.npmjs.org/lodash.unescape/-/lodash.unescape-4.0.1.tgz",
      "integrity": "sha512-DhhGRshNS1aX6s5YdBE3njCCouPgnG29ebyHvImlZzXZf2SHgt+J08DHgytTPnpywNbO1Y8mNUFyQuIDBq2JZg==",
      "dev": true
    },
    "markdown-to-txt": {
      "version": "2.0.1",
      "resolved": "https://registry.npmjs.org/markdown-to-txt/-/markdown-to-txt-2.0.1.tgz",
      "integrity": "sha512-Hsj7KTN8k1gutlLum3vosHwVZGnv8/cbYKWVkUyo/D1rzOYddbDesILebRfOsaVfjIBJank/AVOySBlHAYqfZw==",
      "dev": true,
      "requires": {
        "lodash.escape": "^4.0.1",
        "lodash.unescape": "^4.0.1",
        "marked": "^4.0.14"
      }
    },
    "marked": {
      "version": "4.3.0",
      "resolved": "https://registry.npmjs.org/marked/-/marked-4.3.0.tgz",
      "integrity": "sha512-PRsaiG84bK+AMvxziE/lCFss8juXjNaWzVbN5tXAm4XjeaS9NAHhop+PjQxz2A9h8Q4M/xGmzP8vqNwy6JeK0A==",
      "dev": true
    }
  }
}
