{
  "name": "today_I_learnt",
  "version": "1.0.0",
  "lockfileVersion": 1,
  "requires": true,
  "dependencies": {
    "markdown-to-txt": {
      "version": "1.0.1",
      "resolved": "https://registry.npmjs.org/markdown-to-txt/-/markdown-to-txt-1.0.1.tgz",
      "integrity": "sha512-PACe8GiGnJ5Nf/bkE+NWIMK36qRAGW6JP9mHLeiL6BBoUA51EqEmtJd9VEI0lGl74JYUUSoKHqX0FQV4ivo1nA==",
      "dev": true,
      "requires": {
        "marked": "^0.6.2"
      }
    },
    "marked": {
      "version": "0.6.3",
      "resolved": "https://registry.npmjs.org/marked/-/marked-0.6.3.tgz",
      "integrity": "sha512-Fqa7eq+UaxfMriqzYLayfqAE40WN03jf+zHjT18/uXNuzjq3TY0XTbrAoPeqSJrAmPz11VuUA+kBPYOhHt9oOQ==",
      "dev": true
    }
  }
}
